
Microsoft Visual Studio Solution File, Format Version 12.00
# Visual Studio Version 16
VisualStudioVersion = 16.0.31729.503
MinimumVisualStudioVersion = 10.0.40219.1
Project("{FAE04EC0-301F-11D3-BF4B-00C04F79EFBC}") = "WindowsFormsApp1", "WindowsFormsApp1.csproj", "{479BFE29-4E4E-4E3B-B322-3CCE34D54ACD}"
EndProject
Global
	GlobalSection(SolutionConfigurationPlatforms) = preSolution
		Debug|Any CPU = Debug|Any CPU
		Release|Any CPU = Release|Any CPU
	EndGlobalSection
	GlobalSection(ProjectConfigurationPlatforms) = postSolution
		{479BFE29-4E4E-4E3B-B322-3CCE34D54ACD}.Debug|Any CPU.ActiveCfg = Debug|Any CPU
		{479BFE29-4E4E-4E3B-B322-3CCE34D54ACD}.Debug|Any CPU.Build.0 = Debug|Any CPU
		{479BFE29-4E4E-4E3B-B322-3CCE34D54ACD}.Release|Any CPU.ActiveCfg = Release|Any CPU
		{479BFE29-4E4E-4E3B-B322-3CCE34D54ACD}.Release|Any CPU.Build.0 = Release|Any CPU
	EndGlobalSection
	GlobalSection(SolutionProperties) = preSolution
		HideSolutionNode = FALSE
	EndGlobalSection
	GlobalSection(ExtensibilityGlobals) = postSolution
		SolutionGuid = {25C42576-86AA-4154-856A-5281D6464B0D}
	EndGlobalSection
EndGlobal
